
Microsoft Visual Studio Solution File, Format Version 12.00
# Visual Studio Version 17
VisualStudioVersion = 17.2.32630.192
MinimumVisualStudioVersion = 10.0.40219.1
Project("{FAE04EC0-301F-11D3-BF4B-00C04F79EFBC}") = "Facts.Web", "Facts.Web\Facts.Web.csproj", "{3DEB2655-DE14-42B0-B114-78910F6AB1FF}"
EndProject
Global
	GlobalSection(SolutionConfigurationPlatforms) = preSolution
		Debug|Any CPU = Debug|Any CPU
		Release|Any CPU = Release|Any CPU
	EndGlobalSection
	GlobalSection(ProjectConfigurationPlatforms) = postSolution
		{3DEB2655-DE14-42B0-B114-78910F6AB1FF}.Debug|Any CPU.ActiveCfg = Debug|Any CPU
		{3DEB2655-DE14-42B0-B114-78910F6AB1FF}.Debug|Any CPU.Build.0 = Debug|Any CPU
		{3DEB2655-DE14-42B0-B114-78910F6AB1FF}.Release|Any CPU.ActiveCfg = Release|Any CPU
		{3DEB2655-DE14-42B0-B114-78910F6AB1FF}.Release|Any CPU.Build.0 = Release|Any CPU
	EndGlobalSection
	GlobalSection(SolutionProperties) = preSolution
		HideSolutionNode = FALSE
	EndGlobalSection
	GlobalSection(ExtensibilityGlobals) = postSolution
		SolutionGuid = {78FB0877-0CED-4847-B196-50B16A685874}
	EndGlobalSection
EndGlobal
